
Microsoft Visual Studio Solution File, Format Version 12.00
# Visual Studio 15
VisualStudioVersion = 15.0.27428.2015
MinimumVisualStudioVersion = 10.0.40219.1
Project("{FAE04EC0-301F-11D3-BF4B-00C04F79EFBC}") = "ConsoleApp1", "ConsoleApp1\ConsoleApp1.csproj", "{DAFEFC7A-C653-42E3-B4B0-D88BBF954E2F}"
EndProject
Global
	GlobalSection(SolutionConfigurationPlatforms) = preSolution
		Debug|Any CPU = Debug|Any CPU
		Release|Any CPU = Release|Any CPU
	EndGlobalSection
	GlobalSection(ProjectConfigurationPlatforms) = postSolution
		{DAFEFC7A-C653-42E3-B4B0-D88BBF954E2F}.Debug|Any CPU.ActiveCfg = Debug|Any CPU
		{DAFEFC7A-C653-42E3-B4B0-D88BBF954E2F}.Debug|Any CPU.Build.0 = Debug|Any CPU
		{DAFEFC7A-C653-42E3-B4B0-D88BBF954E2F}.Release|Any CPU.ActiveCfg = Release|Any CPU
		{DAFEFC7A-C653-42E3-B4B0-D88BBF954E2F}.Release|Any CPU.Build.0 = Release|Any CPU
	EndGlobalSection
	GlobalSection(SolutionProperties) = preSolution
		HideSolutionNode = FALSE
	EndGlobalSection
	GlobalSection(ExtensibilityGlobals) = postSolution
		SolutionGuid = {2BDF47ED-1F95-4F4F-A560-B48199B47C86}
	EndGlobalSection
EndGlobal
